{
  "lockfile_version": "1",
  "packages": {
    "envsubst@1.4.3": {
      "last_modified": "2025-07-13T22:45:35Z",
      "resolved": "github:NixOS/nixpkgs/a421ac6595024edcfbb1ef950a3712b89161c359#envsubst",
      "source": "devbox-search",
      "version": "1.4.3",
      "systems": {
        "aarch64-darwin": {
          "outputs": [
            {
              "name": "out",
              "path": "/nix/store/hhhr6ah31vvxlk805y4ffw9rmg8zp988-envsubst-1.4.3",
              "default": true
            }
          ],
          "store_path": "/nix/store/hhhr6ah31vvxlk805y4ffw9rmg8zp988-envsubst-1.4.3"
        },
        "aarch64-linux": {
          "outputs": [
            {
              "name": "out",
              "path": "/nix/store/gp1ikhqvxvbr5nc0rfrl0ymyak5g8vi6-envsubst-1.4.3",
              "default": true
            }
          ],
          "store_path": "/nix/store/gp1ikhqvxvbr5nc0rfrl0ymyak5g8vi6-envsubst-1.4.3"
        },
        "x86_64-darwin": {
          "outputs": [
            {
              "name": "out",
              "path": "/nix/store/1g13l79s38cimyr69awxh84zr8yzal6i-envsubst-1.4.3",
              "default": true
            }
          ],
          "store_path": "/nix/store/1g13l79s38cimyr69awxh84zr8yzal6i-envsubst-1.4.3"
        },
        "x86_64-linux": {
          "outputs": [
            {
              "name": "out",
              "path": "/nix/store/wvdv4ld5dz719ibfmpvk06kiff2ygn27-envsubst-1.4.3",
              "default": true
            }
          ],
          "store_path": "/nix/store/wvdv4ld5dz719ibfmpvk06kiff2ygn27-envsubst-1.4.3"
        }
      }
    },
    "github:NixOS/nixpkgs/nixpkgs-unstable": {
      "last_modified": "2025-07-24T23:24:55Z",
      "resolved": "github:NixOS/nixpkgs/0d00f23f023b7215b3f1035adb5247c8ec180dbc?lastModified=1753399495&narHash=sha256-7XG%2FQBqhrYOyA2houjRTL2NMa7IKZZ%2FsomBqr%2BQ%2F6Wo%3D"
    },
    "go@1.24.4": {
      "last_modified": "2025-07-13T22:45:35Z",
      "resolved": "github:NixOS/nixpkgs/a421ac6595024edcfbb1ef950a3712b89161c359#go",
      "source": "devbox-search",
      "version": "1.24.4",
      "systems": {
        "aarch64-darwin": {
          "outputs": [
            {
              "name": "out",
              "path": "/nix/store/f4a0g1p943l61wfvqnpdr73v9bsyfhf2-go-1.24.4",
              "default": true
            }
          ],
          "store_path": "/nix/store/f4a0g1p943l61wfvqnpdr73v9bsyfhf2-go-1.24.4"
        },
        "aarch64-linux": {
          "outputs": [
            {
              "name": "out",
              "path": "/nix/store/mdyik6amglpjs533vk927f9w1qmyw239-go-1.24.4",
              "default": true
            }
          ],
          "store_path": "/nix/store/mdyik6amglpjs533vk927f9w1qmyw239-go-1.24.4"
        },
        "x86_64-darwin": {
          "outputs": [
            {
              "name": "out",
              "path": "/nix/store/b56ngr9p7x6z368w8m7ps95r3x8gdfv7-go-1.24.4",
              "default": true
            }
          ],
          "store_path": "/nix/store/b56ngr9p7x6z368w8m7ps95r3x8gdfv7-go-1.24.4"
        },
        "x86_64-linux": {
          "outputs": [
            {
              "name": "out",
              "path": "/nix/store/xrzqlk92h7z5mz9mlc4a9dyy91n5b68i-go-1.24.4",
              "default": true
            }
          ],
          "store_path": "/nix/store/xrzqlk92h7z5mz9mlc4a9dyy91n5b68i-go-1.24.4"
        }
      }
    },
    "goreleaser@2.8.1": {
      "last_modified": "2025-03-21T08:42:37Z",
      "resolved": "github:NixOS/nixpkgs/bfa9810ff7104a17555ab68ebdeafb6705f129b1#goreleaser",
      "source": "devbox-search",
      "version": "2.8.1",
      "systems": {
        "aarch64-darwin": {
          "outputs": [
            {
              "name": "out",
              "path": "/nix/store/v7qnqs17cdszl6mkw39mpk8ww0b70gbw-goreleaser-2.8.1",
              "default": true
            }
          ],
          "store_path": "/nix/store/v7qnqs17cdszl6mkw39mpk8ww0b70gbw-goreleaser-2.8.1"
        },
        "aarch64-linux": {
          "outputs": [
            {
              "name": "out",
              "path": "/nix/store/6z2mvd1b1g9nqnw0fsdcq786ik99888b-goreleaser-2.8.1",
              "default": true
            }
          ],
          "store_path": "/nix/store/6z2mvd1b1g9nqnw0fsdcq786ik99888b-goreleaser-2.8.1"
        },
        "x86_64-darwin": {
          "outputs": [
            {
              "name": "out",
              "path": "/nix/store/nz3y3dyv5n1jrbirbxp578jambyl53wm-goreleaser-2.8.1",
              "default": true
            }
          ],
          "store_path": "/nix/store/nz3y3dyv5n1jrbirbxp578jambyl53wm-goreleaser-2.8.1"
        },
        "x86_64-linux": {
          "outputs": [
            {
              "name": "out",
              "path": "/nix/store/xbcigyqhs33mzg1hqy8i8chj7v5v2x2z-goreleaser-2.8.1",
              "default": true
            }
          ],
          "store_path": "/nix/store/xbcigyqhs33mzg1hqy8i8chj7v5v2x2z-goreleaser-2.8.1"
        }
      }
    },
    "python@3.12.8": {
      "last_modified": "2025-01-06T03:40:18Z",
      "plugin_version": "0.0.4",
      "resolved": "github:NixOS/nixpkgs/3df3c47c19dc90fec35359e89ffb52b34d2b0e94#python3",
      "source": "devbox-search",
      "version": "3.12.8",
      "systems": {
        "aarch64-darwin": {
          "outputs": [
            {
              "name": "out",
              "path": "/nix/store/8zc3wcplydp8gsxms24scpzdca438dk5-python3-3.12.8",
              "default": true
            }
          ],
          "store_path": "/nix/store/8zc3wcplydp8gsxms24scpzdca438dk5-python3-3.12.8"
        },
        "aarch64-linux": {
          "outputs": [
            {
              "name": "out",
              "path": "/nix/store/66pn6ysmvx675061xaq2vz93s9vdc5p4-python3-3.12.8",
              "default": true
            },
            {
              "name": "debug",
              "path": "/nix/store/brcg3a34fi45ffky63g5pqd22sksvq13-python3-3.12.8-debug"
            }
          ],
          "store_path": "/nix/store/66pn6ysmvx675061xaq2vz93s9vdc5p4-python3-3.12.8"
        },
        "x86_64-darwin": {
          "outputs": [
            {
              "name": "out",
              "path": "/nix/store/fpmkmdzgd1q7kqadc7czcjdhjj7bsc0i-python3-3.12.8",
              "default": true
            }
          ],
          "store_path": "/nix/store/fpmkmdzgd1q7kqadc7czcjdhjj7bsc0i-python3-3.12.8"
        },
        "x86_64-linux": {
          "outputs": [
            {
              "name": "out",
              "path": "/nix/store/c9m6yd8fg1flz2j5r4bif1ib5j20a0cy-python3-3.12.8",
              "default": true
            },
            {
              "name": "debug",
              "path": "/nix/store/cicfrcjr8pky8qd0gxw0x84ynyviy6b5-python3-3.12.8-debug"
            }
          ],
          "store_path": "/nix/store/c9m6yd8fg1flz2j5r4bif1ib5j20a0cy-python3-3.12.8"
        }
      }
    },
    "terraform@1.12.2": {
      "last_modified": "2025-07-13T22:45:35Z",
      "resolved": "github:NixOS/nixpkgs/a421ac6595024edcfbb1ef950a3712b89161c359#terraform",
      "source": "devbox-search",
      "version": "1.12.2",
      "systems": {
        "aarch64-darwin": {
          "outputs": [
            {
              "name": "out",
              "path": "/nix/store/mm2c99sw758j0kqbmwcl1aydh2x308x4-terraform-1.12.2",
              "default": true
            }
          ],
          "store_path": "/nix/store/mm2c99sw758j0kqbmwcl1aydh2x308x4-terraform-1.12.2"
        },
        "aarch64-linux": {
          "outputs": [
            {
              "name": "out",
              "path": "/nix/store/p423g613paxs9ldbnkr5mcxrgb5ilwfh-terraform-1.12.2",
              "default": true
            }
          ],
          "store_path": "/nix/store/p423g613paxs9ldbnkr5mcxrgb5ilwfh-terraform-1.12.2"
        },
        "x86_64-darwin": {
          "outputs": [
            {
              "name": "out",
              "path": "/nix/store/xn003hjbh4qf2ck38h2qck60wh04h0y9-terraform-1.12.2",
              "default": true
            }
          ],
          "store_path": "/nix/store/xn003hjbh4qf2ck38h2qck60wh04h0y9-terraform-1.12.2"
        },
        "x86_64-linux": {
          "outputs": [
            {
              "name": "out",
              "path": "/nix/store/r827xxb0f2xkkizh71ijgwcm4g2lybwi-terraform-1.12.2",
              "default": true
            }
          ],
          "store_path": "/nix/store/r827xxb0f2xkkizh71ijgwcm4g2lybwi-terraform-1.12.2"
        }
      }
    }
  }
}
